
Microsoft Visual Studio Solution File, Format Version 12.00
# Visual Studio Version 16
VisualStudioVersion = 16.0.32630.194
MinimumVisualStudioVersion = 10.0.40219.1
Project("{9A19103F-16F7-4668-BE54-9A1E7A4F7556}") = "MyFirstProject", "MyFirstProject\MyFirstProject.csproj", "{001E3672-5E2B-48C0-B0B7-4A0C0F414443}"
EndProject
Global
	GlobalSection(SolutionConfigurationPlatforms) = preSolution
		Debug|Any CPU = Debug|Any CPU
		Release|Any CPU = Release|Any CPU
	EndGlobalSection
	GlobalSection(ProjectConfigurationPlatforms) = postSolution
		{001E3672-5E2B-48C0-B0B7-4A0C0F414443}.Debug|Any CPU.ActiveCfg = Debug|Any CPU
		{001E3672-5E2B-48C0-B0B7-4A0C0F414443}.Debug|Any CPU.Build.0 = Debug|Any CPU
		{001E3672-5E2B-48C0-B0B7-4A0C0F414443}.Release|Any CPU.ActiveCfg = Release|Any CPU
		{001E3672-5E2B-48C0-B0B7-4A0C0F414443}.Release|Any CPU.Build.0 = Release|Any CPU
	EndGlobalSection
	GlobalSection(SolutionProperties) = preSolution
		HideSolutionNode = FALSE
	EndGlobalSection
	GlobalSection(ExtensibilityGlobals) = postSolution
		SolutionGuid = {9EA4E22F-6008-46B8-A06F-0B77805949C4}
	EndGlobalSection
EndGlobal
